{
  "name": "nodehwp",
  "version": "1.0.0",
  "lockfileVersion": 1,
  "requires": true,
  "dependencies": {
    "winax": {
      "version": "1.12.0",
      "resolved": "https://registry.npmjs.org/winax/-/winax-1.12.0.tgz",
      "integrity": "sha512-ST97mlHzBe/Czx8y0irapWMopMa+OgNySnbmKnT2glmPJVAZXfSZT0m6iiqykyNYeVHPMCsocaWzb2uauLH9Mw=="
    }
  }
}
